
Microsoft Visual Studio Solution File, Format Version 12.00
# Visual Studio Version 17
VisualStudioVersion = 17.1.32414.318
MinimumVisualStudioVersion = 10.0.40219.1
Project("{FAE04EC0-301F-11D3-BF4B-00C04F79EFBC}") = "Jogodavelha1", "Jogodavelha1\Jogodavelha1.csproj", "{0756C792-B165-4056-91D5-DA65AA6AE128}"
EndProject
Global
	GlobalSection(SolutionConfigurationPlatforms) = preSolution
		Debug|Any CPU = Debug|Any CPU
		Release|Any CPU = Release|Any CPU
	EndGlobalSection
	GlobalSection(ProjectConfigurationPlatforms) = postSolution
		{0756C792-B165-4056-91D5-DA65AA6AE128}.Debug|Any CPU.ActiveCfg = Debug|Any CPU
		{0756C792-B165-4056-91D5-DA65AA6AE128}.Debug|Any CPU.Build.0 = Debug|Any CPU
		{0756C792-B165-4056-91D5-DA65AA6AE128}.Release|Any CPU.ActiveCfg = Release|Any CPU
		{0756C792-B165-4056-91D5-DA65AA6AE128}.Release|Any CPU.Build.0 = Release|Any CPU
	EndGlobalSection
	GlobalSection(SolutionProperties) = preSolution
		HideSolutionNode = FALSE
	EndGlobalSection
	GlobalSection(ExtensibilityGlobals) = postSolution
		SolutionGuid = {0C2CB45E-23CF-4020-A7D9-A60CAB728B45}
	EndGlobalSection
EndGlobal
